# This file is automatically @generated by Cargo.
# It is not intended for manual editing.
version = 3

[[package]]
name = "arrayvec"
version = "0.7.6"
source = "registry+https://github.com/rust-lang/crates.io-index"
checksum = "7c02d123df017efcdfbd739ef81735b36c5ba83ec3c59c80a9d7ecc718f92e50"

[[package]]
name = "bounded-collections"
version = "0.2.0"
source = "registry+https://github.com/rust-lang/crates.io-index"
checksum = "d32385ecb91a31bddaf908e8dcf4a15aef1bcd3913cc03ebfad02ff6d568abc1"
dependencies = [
 "log",
 "parity-scale-codec",
 "scale-info",
]

[[package]]
name = "byte-slice-cast"
version = "1.2.2"
source = "registry+https://github.com/rust-lang/crates.io-index"
checksum = "c3ac9f8b63eca6fd385229b3675f6cc0dc5c8a5c8a54a59d4f52ffd670d87b0c"

[[package]]
name = "cfg-if"
version = "1.0.0"
source = "registry+https://github.com/rust-lang/crates.io-index"
checksum = "baf1de4339761588bc0619e3cbc0120ee582ebb74b53b4efbf79117bd2da40fd"

[[package]]
name = "derive_more"
version = "1.0.0"
source = "registry+https://github.com/rust-lang/crates.io-index"
checksum = "4a9b99b9cbbe49445b21764dc0625032a89b145a2642e67603e1c936f5458d05"
dependencies = [
 "derive_more-impl",
]

[[package]]
name = "derive_more-impl"
version = "1.0.0"
source = "registry+https://github.com/rust-lang/crates.io-index"
checksum = "cb7330aeadfbe296029522e6c40f315320aba36fc43a5b3632f3795348f3bd22"
dependencies = [
 "proc-macro2",
 "quote",
 "syn 2.0.79",
]

[[package]]
name = "equivalent"
version = "1.0.1"
source = "registry+https://github.com/rust-lang/crates.io-index"
checksum = "5443807d6dff69373d433ab9ef5378ad8df50ca6298caf15de6e52e24aaf54d5"

[[package]]
name = "hashbrown"
version = "0.15.0"
source = "registry+https://github.com/rust-lang/crates.io-index"
checksum = "1e087f84d4f86bf4b218b927129862374b72199ae7d8657835f1e89000eea4fb"

[[package]]
name = "impl-trait-for-tuples"
version = "0.2.2"
source = "registry+https://github.com/rust-lang/crates.io-index"
checksum = "11d7a9f6330b71fea57921c9b61c47ee6e84f72d394754eff6163ae67e7395eb"
dependencies = [
 "proc-macro2",
 "quote",
 "syn 1.0.109",
]

[[package]]
name = "indexmap"
version = "2.6.0"
source = "registry+https://github.com/rust-lang/crates.io-index"
checksum = "707907fe3c25f5424cce2cb7e1cbcafee6bdbe735ca90ef77c29e84591e5b9da"
dependencies = [
 "equivalent",
 "hashbrown",
]

[[package]]
name = "jam-null-authorizer"
version = "0.1.8"
dependencies = [
 "jam-pvm-common",
 "jam-types",
 "polkavm-derive",
]

[[package]]
name = "jam-pvm-common"
version = "0.1.8"
source = "registry+https://github.com/rust-lang/crates.io-index"
checksum = "26adcd418ddd51b1a478dd30c3edb50bfc76a644f781aafac359de11ca415d2d"
dependencies = [
 "bounded-collections",
 "jam-types",
 "parity-scale-codec",
 "polkavm-derive",
]

[[package]]
name = "jam-types"
version = "0.1.8"
source = "registry+https://github.com/rust-lang/crates.io-index"
checksum = "ba7ae9965633efeb2dd66b695897b9612f0d469c48291d9da3d1ed779431503f"
dependencies = [
 "bounded-collections",
 "macro_rules_attribute",
 "parity-scale-codec",
]

[[package]]
name = "log"
version = "0.4.22"
source = "registry+https://github.com/rust-lang/crates.io-index"
checksum = "a7a70ba024b9dc04c27ea2f0c0548feb474ec5c54bba33a7f72f873a39d07b24"

[[package]]
name = "macro_rules_attribute"
version = "0.2.0"
source = "registry+https://github.com/rust-lang/crates.io-index"
checksum = "8a82271f7bc033d84bbca59a3ce3e4159938cb08a9c3aebbe54d215131518a13"
dependencies = [
 "macro_rules_attribute-proc_macro",
 "paste",
]

[[package]]
name = "macro_rules_attribute-proc_macro"
version = "0.2.0"
source = "registry+https://github.com/rust-lang/crates.io-index"
checksum = "b8dd856d451cc0da70e2ef2ce95a18e39a93b7558bedf10201ad28503f918568"

[[package]]
name = "memchr"
version = "2.7.4"
source = "registry+https://github.com/rust-lang/crates.io-index"
checksum = "78ca9ab1a0babb1e7d5695e3530886289c18cf2f87ec19a575a0abdce112e3a3"

[[package]]
name = "parity-scale-codec"
version = "3.7.0"
source = "registry+https://github.com/rust-lang/crates.io-index"
checksum = "8be4817d39f3272f69c59fe05d0535ae6456c2dc2fa1ba02910296c7e0a5c590"
dependencies = [
 "arrayvec",
 "byte-slice-cast",
 "impl-trait-for-tuples",
 "parity-scale-codec-derive",
 "rustversion",
]

[[package]]
name = "parity-scale-codec-derive"
version = "3.6.12"
source = "registry+https://github.com/rust-lang/crates.io-index"
checksum = "d830939c76d294956402033aee57a6da7b438f2294eb94864c37b0569053a42c"
dependencies = [
 "proc-macro-crate",
 "proc-macro2",
 "quote",
 "syn 1.0.109",
]

[[package]]
name = "paste"
version = "1.0.15"
source = "registry+https://github.com/rust-lang/crates.io-index"
checksum = "57c0d7b74b563b49d38dae00a0c37d4d6de9b432382b2892f0574ddcae73fd0a"

[[package]]
name = "polkavm-common"
version = "0.16.0"
source = "registry+https://github.com/rust-lang/crates.io-index"
checksum = "f2104e200abfdc462e60c9e4899244ed44ef49ad645e4ecd4a1fe9b8ff775aac"

[[package]]
name = "polkavm-derive"
version = "0.16.0"
source = "registry+https://github.com/rust-lang/crates.io-index"
checksum = "158bb3dc27e29b8c067274957ad5995968a50df38cf0a9d4bf3c028474288541"
dependencies = [
 "polkavm-derive-impl-macro",
]

[[package]]
name = "polkavm-derive-impl"
version = "0.16.0"
source = "registry+https://github.com/rust-lang/crates.io-index"
checksum = "d669d3f76ab213b35ef63625075e69fd9b00e8f1e3eb902c703dac634a335112"
dependencies = [
 "polkavm-common",
 "proc-macro2",
 "quote",
 "syn 2.0.79",
]

[[package]]
name = "polkavm-derive-impl-macro"
version = "0.16.0"
source = "registry+https://github.com/rust-lang/crates.io-index"
checksum = "5aa3364108859cae654f063375c4dd930a645a3cb67f2770003459d27628026a"
dependencies = [
 "polkavm-derive-impl",
 "syn 2.0.79",
]

[[package]]
name = "proc-macro-crate"
version = "3.2.0"
source = "registry+https://github.com/rust-lang/crates.io-index"
checksum = "8ecf48c7ca261d60b74ab1a7b20da18bede46776b2e55535cb958eb595c5fa7b"
dependencies = [
 "toml_edit",
]

[[package]]
name = "proc-macro2"
version = "1.0.86"
source = "registry+https://github.com/rust-lang/crates.io-index"
checksum = "5e719e8df665df0d1c8fbfd238015744736151d4445ec0836b8e628aae103b77"
dependencies = [
 "unicode-ident",
]

[[package]]
name = "quote"
version = "1.0.37"
source = "registry+https://github.com/rust-lang/crates.io-index"
checksum = "b5b9d34b8991d19d98081b46eacdd8eb58c6f2b201139f7c5f643cc155a633af"
dependencies = [
 "proc-macro2",
]

[[package]]
name = "rustversion"
version = "1.0.17"
source = "registry+https://github.com/rust-lang/crates.io-index"
checksum = "955d28af4278de8121b7ebeb796b6a45735dc01436d898801014aced2773a3d6"

[[package]]
name = "scale-info"
version = "2.11.6"
source = "registry+https://github.com/rust-lang/crates.io-index"
checksum = "346a3b32eba2640d17a9cb5927056b08f3de90f65b72fe09402c2ad07d684d0b"
dependencies = [
 "cfg-if",
 "derive_more",
 "parity-scale-codec",
 "scale-info-derive",
]

[[package]]
name = "scale-info-derive"
version = "2.11.6"
source = "registry+https://github.com/rust-lang/crates.io-index"
checksum = "c6630024bf739e2179b91fb424b28898baf819414262c5d376677dbff1fe7ebf"
dependencies = [
 "proc-macro-crate",
 "proc-macro2",
 "quote",
 "syn 2.0.79",
]

[[package]]
name = "syn"
version = "1.0.109"
source = "registry+https://github.com/rust-lang/crates.io-index"
checksum = "72b64191b275b66ffe2469e8af2c1cfe3bafa67b529ead792a6d0160888b4237"
dependencies = [
 "proc-macro2",
 "quote",
 "unicode-ident",
]

[[package]]
name = "syn"
version = "2.0.79"
source = "registry+https://github.com/rust-lang/crates.io-index"
checksum = "89132cd0bf050864e1d38dc3bbc07a0eb8e7530af26344d3d2bbbef83499f590"
dependencies = [
 "proc-macro2",
 "quote",
 "unicode-ident",
]

[[package]]
name = "toml_datetime"
version = "0.6.8"
source = "registry+https://github.com/rust-lang/crates.io-index"
checksum = "0dd7358ecb8fc2f8d014bf86f6f638ce72ba252a2c3a2572f2a795f1d23efb41"

[[package]]
name = "toml_edit"
version = "0.22.22"
source = "registry+https://github.com/rust-lang/crates.io-index"
checksum = "4ae48d6208a266e853d946088ed816055e556cc6028c5e8e2b84d9fa5dd7c7f5"
dependencies = [
 "indexmap",
 "toml_datetime",
 "winnow",
]

[[package]]
name = "unicode-ident"
version = "1.0.13"
source = "registry+https://github.com/rust-lang/crates.io-index"
checksum = "e91b56cd4cadaeb79bbf1a5645f6b4f8dc5bde8834ad5894a8db35fda9efa1fe"

[[package]]
name = "winnow"
version = "0.6.20"
source = "registry+https://github.com/rust-lang/crates.io-index"
checksum = "36c1fec1a2bb5866f07c25f68c26e565c4c200aebb96d7e55710c19d3e8ac49b"
dependencies = [
 "memchr",
]
